<?xml version="1.0" encoding="utf-8"?>
<Project ToolsVersion="4.0" xmlns="http://schemas.microsoft.com/developer/msbuild/2003">
  <ItemGroup>
    <Filter Include="源文件">
      <UniqueIdentifier>{4FC737F1-C7A5-4376-A066-2A32D752A2FF}</UniqueIdentifier>
      <Extensions>cpp;c;cc;cxx;c++;cppm;ixx;def;odl;idl;hpj;bat;asm;asmx</Extensions>
    </Filter>
    <Filter Include="头文件">
      <UniqueIdentifier>{93995380-89BD-4b04-88EB-625FBE52EBFB}</UniqueIdentifier>
      <Extensions>h;hh;hpp;hxx;h++;hm;inl;inc;ipp;xsd</Extensions>
    </Filter>
    <Filter Include="资源文件">
      <UniqueIdentifier>{67DA6AB6-F800-4c08-8B7A-83BB121AAD01}</UniqueIdentifier>
      <Extensions>rc;ico;cur;bmp;dlg;rc2;rct;bin;rgs;gif;jpg;jpeg;jpe;resx;tiff;tif;png;wav;mfcribbon-ms</Extensions>
    </Filter>
  </ItemGroup>
  <ItemGroup>
    <ClCompile Include="simple_library\private\simple_c_log\simple_c_log.c">
      <Filter>源文件</Filter>
    </ClCompile>
    <ClCompile Include="simple_library\private\simple_channel\simple_io_stream\simple_io_stream.cpp">
      <Filter>源文件</Filter>
    </ClCompile>
    <ClCompile Include="simple_library\private\simple_channel\simple_net_channel\simple_channel.cpp">
      <Filter>源文件</Filter>
    </ClCompile>
    <ClCompile Include="simple_library\private\simple_channel\simple_net_connetion\simple_connetion.cpp">
      <Filter>源文件</Filter>
    </ClCompile>
    <ClCompile Include="simple_library\private\simple_channel\simple_net_connetion\simple_connetion_tcp.cpp">
      <Filter>源文件</Filter>
    </ClCompile>
    <ClCompile Include="simple_library\private\simple_channel\simple_net_connetion\simple_connetion_udp.cpp">
      <Filter>源文件</Filter>
    </ClCompile>
    <ClCompile Include="simple_library\private\simple_channel\simple_net_type.cpp">
      <Filter>源文件</Filter>
    </ClCompile>
    <ClCompile Include="simple_library\private\simple_channel\simple_object.cpp">
      <Filter>源文件</Filter>
    </ClCompile>
    <ClCompile Include="simple_library\private\simple_core_minimal\simple_c_core\simple_c_array\simple_c_array_string.c">
      <Filter>源文件</Filter>
    </ClCompile>
    <ClCompile Include="simple_library\private\simple_core_minimal\simple_c_core\simple_c_string_algorithm\string_algorithm.c">
      <Filter>源文件</Filter>
    </ClCompile>
    <ClCompile Include="simple_library\private\simple_core_minimal\simple_c_guid\simple_guid.c">
      <Filter>源文件</Filter>
    </ClCompile>
    <ClCompile Include="simple_library\private\simple_core_minimal\simple_c_helper_file\simple_file_helper.c">
      <Filter>源文件</Filter>
    </ClCompile>
    <ClCompile Include="simple_library\private\simple_core_minimal\simple_c_path\simple_c_path.c">
      <Filter>源文件</Filter>
    </ClCompile>
    <ClCompile Include="simple_library\private\simple_core_minimal\simple_c_time\simple_c_locale_list.c">
      <Filter>源文件</Filter>
    </ClCompile>
    <ClCompile Include="simple_library\private\simple_core_minimal\simple_c_time\simple_c_time.c">
      <Filter>源文件</Filter>
    </ClCompile>
    <ClCompile Include="simple_library\private\simple_core_minimal\simple_c_windows\simple_c_windows_register.c">
      <Filter>源文件</Filter>
    </ClCompile>
    <ClCompile Include="simple_library\private\simple_core_minimal\simple_c_windows\simple_c_windows_setting.c">
      <Filter>源文件</Filter>
    </ClCompile>
    <ClCompile Include="simple_library\private\simple_image\Core\simple_image_bmp.cpp">
      <Filter>源文件</Filter>
    </ClCompile>
    <ClCompile Include="simple_library\private\simple_image\simple_image.cpp">
      <Filter>源文件</Filter>
    </ClCompile>
    <ClCompile Include="simple_library\private\simple_math\transformation\matrix\matrix_2x2.cpp">
      <Filter>源文件</Filter>
    </ClCompile>
    <ClCompile Include="simple_library\private\simple_math\transformation\matrix\matrix_3x3.cpp">
      <Filter>源文件</Filter>
    </ClCompile>
    <ClCompile Include="simple_library\private\simple_math\transformation\matrix\matrix_4x4.cpp">
      <Filter>源文件</Filter>
    </ClCompile>
    <ClCompile Include="simple_library\private\simple_math\transformation\primitives\line.cpp">
      <Filter>源文件</Filter>
    </ClCompile>
    <ClCompile Include="simple_library\private\simple_math\transformation\primitives\triangle.cpp">
      <Filter>源文件</Filter>
    </ClCompile>
    <ClCompile Include="simple_library\private\simple_math\transformation\vector\vector_2d.cpp">
      <Filter>源文件</Filter>
    </ClCompile>
    <ClCompile Include="simple_library\private\simple_math\transformation\vector\vector_2id.cpp">
      <Filter>源文件</Filter>
    </ClCompile>
    <ClCompile Include="simple_library\private\simple_math\transformation\vector\vector_3d.cpp">
      <Filter>源文件</Filter>
    </ClCompile>
    <ClCompile Include="simple_library\private\simple_math\transformation\vector\vector_3id.cpp">
      <Filter>源文件</Filter>
    </ClCompile>
    <ClCompile Include="simple_library\private\simple_math\transformation\vector\vector_4d.cpp">
      <Filter>源文件</Filter>
    </ClCompile>
    <ClCompile Include="simple_library\private\simple_math\transformation\vector\vector_4id.cpp">
      <Filter>源文件</Filter>
    </ClCompile>
    <ClCompile Include="simple_library\private\simple_math\transformation\vector\vector_color.cpp">
      <Filter>源文件</Filter>
    </ClCompile>
    <ClCompile Include="simple_library\private\simple_math\math_utils.cpp">
      <Filter>源文件</Filter>
    </ClCompile>
    <ClCompile Include="simple_library\private\simple_math\simple_math.c">
      <Filter>源文件</Filter>
    </ClCompile>
    <ClCompile Include="Engine\Core\Engine.cpp">
      <Filter>源文件</Filter>
    </ClCompile>
    <ClCompile Include="Engine\Platform\Windows\WindowsEngine.cpp">
      <Filter>源文件</Filter>
    </ClCompile>
    <ClCompile Include="Engine\LurenjiaEngine.cpp">
      <Filter>源文件</Filter>
    </ClCompile>
    <ClCompile Include="simple_library\private\simple_channel\simple_net_drive\simple_net_drive.cpp">
      <Filter>源文件</Filter>
    </ClCompile>
    <ClCompile Include="simple_library\private\simple_channel\simple_net_drive\simple_net_drive_tcp.cpp">
      <Filter>源文件</Filter>
    </ClCompile>
    <ClCompile Include="simple_library\private\simple_channel\simple_net_drive\simple_net_drive_udp.cpp">
      <Filter>源文件</Filter>
    </ClCompile>
    <ClCompile Include="Engine\EngineFactory.cpp">
      <Filter>源文件</Filter>
    </ClCompile>
    <ClCompile Include="Engine\Core\WinMainCommandParameters.cpp">
      <Filter>源文件</Filter>
    </ClCompile>
    <ClCompile Include="Engine\Platform\Windows\WindowsMessageProcessing.cpp">
      <Filter>源文件</Filter>
    </ClCompile>
    <ClCompile Include="Engine\Debug\EngineDebug.cpp">
      <Filter>源文件</Filter>
    </ClCompile>
    <ClCompile Include="Engine\Config\EngineRenderConfig.cpp">
      <Filter>源文件</Filter>
    </ClCompile>
    <ClCompile Include="Engine\Rendering\Core\Rendering.cpp">
      <Filter>源文件</Filter>
    </ClCompile>
    <ClCompile Include="Engine\Mesh\Core\Mesh.cpp">
      <Filter>源文件</Filter>
    </ClCompile>
    <ClCompile Include="Engine\Mesh\Core\MeshType.cpp">
      <Filter>源文件</Filter>
    </ClCompile>
    <ClCompile Include="Engine\Math\EngineMath.cpp">
      <Filter>源文件</Filter>
    </ClCompile>
    <ClCompile Include="Engine\Mesh\BoxMesh.cpp">
      <Filter>源文件</Filter>
    </ClCompile>
    <ClCompile Include="Engine\Shader\Core\Shader.cpp">
      <Filter>源文件</Filter>
    </ClCompile>
    <ClCompile Include="Engine\Shader\ShaderManage.cpp">
      <Filter>源文件</Filter>
    </ClCompile>
    <ClCompile Include="Engine\Core\CoreObject\CoreMinimalObject.cpp">
      <Filter>源文件</Filter>
    </ClCompile>
    <ClCompile Include="Engine\Component\TransformationComponent.cpp">
      <Filter>源文件</Filter>
    </ClCompile>
    <ClCompile Include="Engine\Core\Camera.cpp">
      <Filter>源文件</Filter>
    </ClCompile>
    <ClCompile Include="Engine\Component\Core\Component.cpp">
      <Filter>源文件</Filter>
    </ClCompile>
    <ClCompile Include="Engine\Component\InputComponent.cpp">
      <Filter>源文件</Filter>
    </ClCompile>
    <ClCompile Include="Engine\Component\Input\InputType.cpp">
      <Filter>源文件</Filter>
    </ClCompile>
    <ClCompile Include="Engine\Core\CoreObject\GuidInterface.cpp">
      <Filter>源文件</Filter>
    </ClCompile>
    <ClCompile Include="Engine\Core\World.cpp">
      <Filter>源文件</Filter>
    </ClCompile>
    <ClCompile Include="Engine\Mesh\SphereMesh.cpp">
      <Filter>源文件</Filter>
    </ClCompile>
    <ClCompile Include="Engine\Mesh\CylinderMesh.cpp">
      <Filter>源文件</Filter>
    </ClCompile>
    <ClCompile Include="Engine\Mesh\PlaneMesh.cpp">
      <Filter>源文件</Filter>
    </ClCompile>
    <ClCompile Include="Engine\Mesh\CustomMesh.cpp">
      <Filter>源文件</Filter>
    </ClCompile>
    <ClCompile Include="Engine\Rendering\Engine\DirectX\Core\DirectXRenderingEngine.cpp">
      <Filter>源文件</Filter>
    </ClCompile>
    <ClCompile Include="Engine\Rendering\Engine\Core\RenderingEngine.cpp">
      <Filter>源文件</Filter>
    </ClCompile>
    <ClCompile Include="Engine\Mesh\Core\MeshManage.cpp">
      <Filter>源文件</Filter>
    </ClCompile>
    <ClCompile Include="Engine\Mesh\Core\ObjectTransformation.cpp">
      <Filter>源文件</Filter>
    </ClCompile>
    <ClCompile Include="Engine\Component\Input\Input.cpp">
      <Filter>源文件</Filter>
    </ClCompile>
    <ClCompile Include="Engine\Interface\DirectXDeviceInterface.cpp">
      <Filter>源文件</Filter>
    </ClCompile>
    <ClCompile Include="Engine\Interface\OpenGLDeviceInterface.cpp">
      <Filter>源文件</Filter>
    </ClCompile>
    <ClCompile Include="Engine\Rendering\Core\Buffer\ConstructBuffer.cpp">
      <Filter>源文件</Filter>
    </ClCompile>
    <ClCompile Include="Engine\Rendering\Core\RenderingResourcesUpdate.cpp">
      <Filter>源文件</Filter>
    </ClCompile>
    <ClCompile Include="Engine\Core\Viewport\Viewport.cpp">
      <Filter>源文件</Filter>
    </ClCompile>
    <ClCompile Include="Engine\Core\Viewport\ViewportInfo.cpp">
      <Filter>源文件</Filter>
    </ClCompile>
    <ClCompile Include="Engine\Core\Viewport\ViewportTransformation.cpp">
      <Filter>源文件</Filter>
    </ClCompile>
    <ClCompile Include="Engine\Core\CameraType.cpp">
      <Filter>源文件</Filter>
    </ClCompile>
    <ClCompile Include="Engine\Rendering\Core\DirectX\RenderingPipeline\RenderingPipeline.cpp">
      <Filter>源文件</Filter>
    </ClCompile>
    <ClCompile Include="Engine\Rendering\Core\DirectX\RenderingPipeline\DescriptorHeap\DirectXDescriptorHeap.cpp">
      <Filter>源文件</Filter>
    </ClCompile>
    <ClCompile Include="Engine\Rendering\Core\DirectX\RenderingPipeline\Geometry\GeometryMap.cpp">
      <Filter>源文件</Filter>
    </ClCompile>
    <ClCompile Include="Engine\Rendering\Core\DirectX\RenderingPipeline\Geometry\GeometryDescData.cpp">
      <Filter>源文件</Filter>
    </ClCompile>
    <ClCompile Include="Engine\Rendering\Core\DirectX\RenderingPipeline\PiepelineState\DirectXPipelineState.cpp">
      <Filter>源文件</Filter>
    </ClCompile>
    <ClCompile Include="Engine\Rendering\Core\DirectX\RenderingPipeline\RootSignature\DirectXRootSignature.cpp">
      <Filter>源文件</Filter>
    </ClCompile>
    <ClCompile Include="Engine\Rendering\Core\DirectX\RenderingPipeline\ConstantBuffer\DirectXConstBufferView.cpp">
      <Filter>源文件</Filter>
    </ClCompile>
    <ClCompile Include="Engine\Actor\Core\Actor.cpp">
      <Filter>源文件</Filter>
    </ClCompile>
    <ClCompile Include="Engine\Actor\Light\ParallelLight.cpp">
      <Filter>源文件</Filter>
    </ClCompile>
    <ClCompile Include="Engine\Component\Light\Core\LightComponent.cpp">
      <Filter>源文件</Filter>
    </ClCompile>
    <ClCompile Include="Engine\Component\Light\ParallelLightComponent.cpp">
      <Filter>源文件</Filter>
    </ClCompile>
    <ClCompile Include="Engine\Mesh\Core\Material\Material.cpp">
      <Filter>源文件</Filter>
    </ClCompile>
    <ClCompile Include="Engine\Component\Light\Core\LightConstantBuffer.cpp">
      <Filter>源文件</Filter>
    </ClCompile>
    <ClCompile Include="Engine\Mesh\Core\Material\MaterialConstantBuffer.cpp">
      <Filter>源文件</Filter>
    </ClCompile>
    <ClCompile Include="Engine\Mesh\Core\Material\MaterialType.cpp">
      <Filter>源文件</Filter>
    </ClCompile>
    <ClCompile Include="Engine\Component\Mesh\Core\MeshComponent.cpp">
      <Filter>源文件</Filter>
    </ClCompile>
    <ClCompile Include="Engine\Component\Mesh\StaticMeshComponent.cpp">
      <Filter>源文件</Filter>
    </ClCompile>
    <ClCompile Include="Engine\Component\Mesh\BoxMeshComponent.cpp">
      <Filter>源文件</Filter>
    </ClCompile>
    <ClCompile Include="Engine\Component\Mesh\CustomMeshComponent.cpp">
      <Filter>源文件</Filter>
    </ClCompile>
    <ClCompile Include="Engine\Component\Mesh\CylinderMeshComponent.cpp">
      <Filter>源文件</Filter>
    </ClCompile>
    <ClCompile Include="Engine\Component\Mesh\PlaneMeshComponent.cpp">
      <Filter>源文件</Filter>
    </ClCompile>
    <ClCompile Include="Engine\Component\Mesh\SphereMeshComponent.cpp">
      <Filter>源文件</Filter>
    </ClCompile>
    <ClCompile Include="Engine\Manage\LightManage.cpp">
      <Filter>源文件</Filter>
    </ClCompile>
    <ClCompile Include="Engine\Actor\Light\SpotLight.cpp">
      <Filter>源文件</Filter>
    </ClCompile>
    <ClCompile Include="Engine\Component\Light\SpotLightComponent.cpp">
      <Filter>源文件</Filter>
    </ClCompile>
    <ClCompile Include="Engine\Component\Light\Core\LightType.cpp">
      <Filter>源文件</Filter>
    </ClCompile>
    <ClCompile Include="Engine\Actor\Light\Core\Light.cpp">
      <Filter>源文件</Filter>
    </ClCompile>
  </ItemGroup>
  <ItemGroup>
    <ClInclude Include="Engine\Core\Engine.h">
      <Filter>头文件</Filter>
    </ClInclude>
    <ClInclude Include="Engine\Platform\Windows\WindowsEngine.h">
      <Filter>头文件</Filter>
    </ClInclude>
    <ClInclude Include="Engine\LurenjiaEngine.h">
      <Filter>头文件</Filter>
    </ClInclude>
    <ClInclude Include="simple_library\private\simple_channel\simple_net_connetion\simple_connetion_tcp.h">
      <Filter>头文件</Filter>
    </ClInclude>
    <ClInclude Include="simple_library\private\simple_channel\simple_net_connetion\simple_connetion_udp.h">
      <Filter>头文件</Filter>
    </ClInclude>
    <ClInclude Include="simple_library\private\simple_channel\simple_net_drive\simple_net_drive_tcp.h">
      <Filter>头文件</Filter>
    </ClInclude>
    <ClInclude Include="simple_library\private\simple_channel\simple_net_drive\simple_net_drive_udp.h">
      <Filter>头文件</Filter>
    </ClInclude>
    <ClInclude Include="simple_library\public\simple_array\simple_hash_array.h">
      <Filter>头文件</Filter>
    </ClInclude>
    <ClInclude Include="simple_library\public\simple_c_log\simple_c_log.h">
      <Filter>头文件</Filter>
    </ClInclude>
    <ClInclude Include="simple_library\public\simple_channel\simple_core\simple_channel.h">
      <Filter>头文件</Filter>
    </ClInclude>
    <ClInclude Include="simple_library\public\simple_channel\simple_core\simple_connetion.h">
      <Filter>头文件</Filter>
    </ClInclude>
    <ClInclude Include="simple_library\public\simple_channel\simple_core\simple_io_stream.h">
      <Filter>头文件</Filter>
    </ClInclude>
    <ClInclude Include="simple_library\public\simple_channel\simple_core\simple_net_macro.h">
      <Filter>头文件</Filter>
    </ClInclude>
    <ClInclude Include="simple_library\public\simple_channel\simple_core\simple_object.h">
      <Filter>头文件</Filter>
    </ClInclude>
    <ClInclude Include="simple_library\public\simple_channel\simple_net_drive.h">
      <Filter>头文件</Filter>
    </ClInclude>
    <ClInclude Include="simple_library\public\simple_channel\simple_net_protocols.h">
      <Filter>头文件</Filter>
    </ClInclude>
    <ClInclude Include="simple_library\public\simple_channel\simple_net_type.h">
      <Filter>头文件</Filter>
    </ClInclude>
    <ClInclude Include="simple_library\public\simple_channel\simple_protocols_definition.h">
      <Filter>头文件</Filter>
    </ClInclude>
    <ClInclude Include="simple_library\public\simple_core_minimal\simple_c_core\simple_c_array\Core\simple_array_c_macro.h">
      <Filter>头文件</Filter>
    </ClInclude>
    <ClInclude Include="simple_library\public\simple_core_minimal\simple_c_core\simple_c_array\simple_c_array.h">
      <Filter>头文件</Filter>
    </ClInclude>
    <ClInclude Include="simple_library\public\simple_core_minimal\simple_c_core\simple_c_array\simple_c_array_string.h">
      <Filter>头文件</Filter>
    </ClInclude>
    <ClInclude Include="simple_library\public\simple_core_minimal\simple_c_core\simple_c_string_algorithm\string_algorithm.h">
      <Filter>头文件</Filter>
    </ClInclude>
    <ClInclude Include="simple_library\public\simple_core_minimal\simple_c_core\simple_core_minimal.h">
      <Filter>头文件</Filter>
    </ClInclude>
    <ClInclude Include="simple_library\public\simple_core_minimal\simple_c_guid\simple_guid.h">
      <Filter>头文件</Filter>
    </ClInclude>
    <ClInclude Include="simple_library\public\simple_core_minimal\simple_c_helper_file\simple_file_helper.h">
      <Filter>头文件</Filter>
    </ClInclude>
    <ClInclude Include="simple_library\public\simple_core_minimal\simple_c_path\simple_path.h">
      <Filter>头文件</Filter>
    </ClInclude>
    <ClInclude Include="simple_library\public\simple_core_minimal\simple_c_time\simple_c_locale_list.h">
      <Filter>头文件</Filter>
    </ClInclude>
    <ClInclude Include="simple_library\public\simple_core_minimal\simple_c_time\simple_c_time.h">
      <Filter>头文件</Filter>
    </ClInclude>
    <ClInclude Include="simple_library\public\simple_core_minimal\simple_c_windows\simple_c_windows_register.h">
      <Filter>头文件</Filter>
    </ClInclude>
    <ClInclude Include="simple_library\public\simple_core_minimal\simple_c_windows\simple_c_windows_setting.h">
      <Filter>头文件</Filter>
    </ClInclude>
    <ClInclude Include="simple_library\public\simple_cpp_core_minimal\shared\simple_cpp_shared_ptr.h">
      <Filter>头文件</Filter>
    </ClInclude>
    <ClInclude Include="simple_library\public\simple_cpp_core_minimal\shared\simple_cpp_shared_ptr_type.h">
      <Filter>头文件</Filter>
    </ClInclude>
    <ClInclude Include="simple_library\public\simple_cpp_core_minimal\simple_cpp_core_minimal.h">
      <Filter>头文件</Filter>
    </ClInclude>
    <ClInclude Include="simple_library\public\simple_delegate\simple_delegate.h">
      <Filter>头文件</Filter>
    </ClInclude>
    <ClInclude Include="simple_library\public\simple_image\Core\simple_image_bmp.h">
      <Filter>头文件</Filter>
    </ClInclude>
    <ClInclude Include="simple_library\public\simple_image\Core\simple_image_type.h">
      <Filter>头文件</Filter>
    </ClInclude>
    <ClInclude Include="simple_library\public\simple_image\simple_image.h">
      <Filter>头文件</Filter>
    </ClInclude>
    <ClInclude Include="simple_library\public\simple_math\transformation\matrix\matrix_2x2.h">
      <Filter>头文件</Filter>
    </ClInclude>
    <ClInclude Include="simple_library\public\simple_math\transformation\matrix\matrix_3x3.h">
      <Filter>头文件</Filter>
    </ClInclude>
    <ClInclude Include="simple_library\public\simple_math\transformation\matrix\matrix_4x4.h">
      <Filter>头文件</Filter>
    </ClInclude>
    <ClInclude Include="simple_library\public\simple_math\transformation\primitives\line.h">
      <Filter>头文件</Filter>
    </ClInclude>
    <ClInclude Include="simple_library\public\simple_math\transformation\primitives\triangle.h">
      <Filter>头文件</Filter>
    </ClInclude>
    <ClInclude Include="simple_library\public\simple_math\transformation\vector\vector_2d.h">
      <Filter>头文件</Filter>
    </ClInclude>
    <ClInclude Include="simple_library\public\simple_math\transformation\vector\vector_2id.h">
      <Filter>头文件</Filter>
    </ClInclude>
    <ClInclude Include="simple_library\public\simple_math\transformation\vector\vector_3d.h">
      <Filter>头文件</Filter>
    </ClInclude>
    <ClInclude Include="simple_library\public\simple_math\transformation\vector\vector_3id.h">
      <Filter>头文件</Filter>
    </ClInclude>
    <ClInclude Include="simple_library\public\simple_math\transformation\vector\vector_4d.h">
      <Filter>头文件</Filter>
    </ClInclude>
    <ClInclude Include="simple_library\public\simple_math\transformation\vector\vector_4id.h">
      <Filter>头文件</Filter>
    </ClInclude>
    <ClInclude Include="simple_library\public\simple_math\transformation\vector\vector_color.h">
      <Filter>头文件</Filter>
    </ClInclude>
    <ClInclude Include="simple_library\public\simple_math\math_libray.hpp">
      <Filter>头文件</Filter>
    </ClInclude>
    <ClInclude Include="simple_library\public\simple_math\math_utils.h">
      <Filter>头文件</Filter>
    </ClInclude>
    <ClInclude Include="simple_library\public\simple_math\simple_core_math.h">
      <Filter>头文件</Filter>
    </ClInclude>
    <ClInclude Include="simple_library\public\simple_math\simple_math.h">
      <Filter>头文件</Filter>
    </ClInclude>
    <ClInclude Include="simple_library\public\simple_library.h">
      <Filter>头文件</Filter>
    </ClInclude>
    <ClInclude Include="Engine\EngineFactory.h">
      <Filter>头文件</Filter>
    </ClInclude>
    <ClInclude Include="Engine\Core\WinMainCommandParameters.h">
      <Filter>头文件</Filter>
    </ClInclude>
    <ClInclude Include="Engine\Debug\Log\SimpleLog.h">
      <Filter>头文件</Filter>
    </ClInclude>
    <ClInclude Include="Engine\Platform\Windows\WindowsMessageProcessing.h">
      <Filter>头文件</Filter>
    </ClInclude>
    <ClInclude Include="Engine\Debug\EngineDebug.h">
      <Filter>头文件</Filter>
    </ClInclude>
    <ClInclude Include="Engine\Config\EngineRenderConfig.h">
      <Filter>头文件</Filter>
    </ClInclude>
    <ClInclude Include="Engine\Rendering\DX\d3d12.h">
      <Filter>头文件</Filter>
    </ClInclude>
    <ClInclude Include="Engine\Rendering\DirectX12\d3dx12.h">
      <Filter>头文件</Filter>
    </ClInclude>
    <ClInclude Include="Engine\Rendering\Core\Rendering.h">
      <Filter>头文件</Filter>
    </ClInclude>
    <ClInclude Include="Engine\Mesh\Core\Mesh.h">
      <Filter>头文件</Filter>
    </ClInclude>
    <ClInclude Include="Engine\Mesh\Core\MeshType.h">
      <Filter>头文件</Filter>
    </ClInclude>
    <ClInclude Include="Engine\Math\EngineMath.h">
      <Filter>头文件</Filter>
    </ClInclude>
    <ClInclude Include="Engine\Mesh\BoxMesh.h">
      <Filter>头文件</Filter>
    </ClInclude>
    <ClInclude Include="Engine\Shader\Core\Shader.h">
      <Filter>头文件</Filter>
    </ClInclude>
    <ClInclude Include="Engine\Shader\ShaderManage.h">
      <Filter>头文件</Filter>
    </ClInclude>
    <ClInclude Include="Engine\Core\CoreObject\CoreMinimalObject.h">
      <Filter>头文件</Filter>
    </ClInclude>
    <ClInclude Include="Engine\Component\TransformationComponent.h">
      <Filter>头文件</Filter>
    </ClInclude>
    <ClInclude Include="Engine\Core\Camera.h">
      <Filter>头文件</Filter>
    </ClInclude>
    <ClInclude Include="Engine\Component\Core\Component.h">
      <Filter>头文件</Filter>
    </ClInclude>
    <ClInclude Include="Engine\Component\InputComponent.h">
      <Filter>头文件</Filter>
    </ClInclude>
    <ClInclude Include="Engine\CodeReflection\CodeReflectionMacroTag.h">
      <Filter>头文件</Filter>
    </ClInclude>
    <ClInclude Include="Engine\Platform\Windows\WindowsPlatform.h">
      <Filter>头文件</Filter>
    </ClInclude>
    <ClInclude Include="Engine\Component\Input\InputType.h">
      <Filter>头文件</Filter>
    </ClInclude>
    <ClInclude Include="Engine\Core\CoreObject\GuidInterface.h">
      <Filter>头文件</Filter>
    </ClInclude>
    <ClInclude Include="Engine\Core\World.h">
      <Filter>头文件</Filter>
    </ClInclude>
    <ClInclude Include="Engine\Mesh\SphereMesh.h">
      <Filter>头文件</Filter>
    </ClInclude>
    <ClInclude Include="Engine\Mesh\CylinderMesh.h">
      <Filter>头文件</Filter>
    </ClInclude>
    <ClInclude Include="Engine\Mesh\PlaneMesh.h">
      <Filter>头文件</Filter>
    </ClInclude>
    <ClInclude Include="Engine\Mesh\CustomMesh.h">
      <Filter>头文件</Filter>
    </ClInclude>
    <ClInclude Include="Engine\Rendering\Engine\DirectX\Core\DirectXRenderingEngine.h">
      <Filter>头文件</Filter>
    </ClInclude>
    <ClInclude Include="Engine\Rendering\Engine\Core\RenderingEngine.h">
      <Filter>头文件</Filter>
    </ClInclude>
    <ClInclude Include="Engine\Mesh\Core\MeshManage.h">
      <Filter>头文件</Filter>
    </ClInclude>
    <ClInclude Include="Engine\Mesh\Core\ObjectTransformation.h">
      <Filter>头文件</Filter>
    </ClInclude>
    <ClInclude Include="Engine\Component\Input\Input.h">
      <Filter>头文件</Filter>
    </ClInclude>
    <ClInclude Include="Engine\Interface\DirectXDeviceInterface.h">
      <Filter>头文件</Filter>
    </ClInclude>
    <ClInclude Include="Engine\Interface\OpenGLDeviceInterface.h">
      <Filter>头文件</Filter>
    </ClInclude>
    <ClInclude Include="Engine\Rendering\Core\Buffer\ConstructBuffer.h">
      <Filter>头文件</Filter>
    </ClInclude>
    <ClInclude Include="Engine\Rendering\Core\RenderingResourcesUpdate.h">
      <Filter>头文件</Filter>
    </ClInclude>
    <ClInclude Include="Engine\Core\Viewport\Viewport.h">
      <Filter>头文件</Filter>
    </ClInclude>
    <ClInclude Include="Engine\Core\Viewport\ViewportInfo.h">
      <Filter>头文件</Filter>
    </ClInclude>
    <ClInclude Include="Engine\Core\Viewport\ViewportTransformation.h">
      <Filter>头文件</Filter>
    </ClInclude>
    <ClInclude Include="Engine\Core\CameraType.h">
      <Filter>头文件</Filter>
    </ClInclude>
    <ClInclude Include="Engine\Rendering\Core\DirectX\RenderingPipeline\RenderingPipeline.h">
      <Filter>头文件</Filter>
    </ClInclude>
    <ClInclude Include="Engine\Rendering\Core\DirectX\RenderingPipeline\DescriptorHeap\DirectXDescriptorHeap.h">
      <Filter>头文件</Filter>
    </ClInclude>
    <ClInclude Include="Engine\Rendering\Core\DirectX\RenderingPipeline\Geometry\GeometryMap.h">
      <Filter>头文件</Filter>
    </ClInclude>
    <ClInclude Include="Engine\Rendering\Core\DirectX\RenderingPipeline\Geometry\GeometryDescData.h">
      <Filter>头文件</Filter>
    </ClInclude>
    <ClInclude Include="Engine\Rendering\Core\DirectX\RenderingPipeline\PiepelineState\DirectXPipelineState.h">
      <Filter>头文件</Filter>
    </ClInclude>
    <ClInclude Include="Engine\Rendering\Core\DirectX\RenderingPipeline\RootSignature\DirectXRootSignature.h">
      <Filter>头文件</Filter>
    </ClInclude>
    <ClInclude Include="Engine\Rendering\Core\DirectX\RenderingPipeline\ConstantBuffer\DirectXConstBufferView.h">
      <Filter>头文件</Filter>
    </ClInclude>
    <ClInclude Include="Engine\Actor\Core\Actor.h">
      <Filter>头文件</Filter>
    </ClInclude>
    <ClInclude Include="Engine\Actor\Light\ParallelLight.h">
      <Filter>头文件</Filter>
    </ClInclude>
    <ClInclude Include="Engine\Component\Light\Core\LightComponent.h">
      <Filter>头文件</Filter>
    </ClInclude>
    <ClInclude Include="Engine\Component\Light\ParallelLightComponent.h">
      <Filter>头文件</Filter>
    </ClInclude>
    <ClInclude Include="Engine\Mesh\Core\Material\Material.h">
      <Filter>头文件</Filter>
    </ClInclude>
    <ClInclude Include="Engine\Component\Light\Core\LightConstantBuffer.h">
      <Filter>头文件</Filter>
    </ClInclude>
    <ClInclude Include="Engine\Mesh\Core\Material\MaterialConstantBuffer.h">
      <Filter>头文件</Filter>
    </ClInclude>
    <ClInclude Include="Engine\Rendering\Core\DirectX\RenderingPipeline\RenderingPiepelineType.h">
      <Filter>头文件</Filter>
    </ClInclude>
    <ClInclude Include="Engine\Mesh\Core\Material\MaterialType.h">
      <Filter>头文件</Filter>
    </ClInclude>
    <ClInclude Include="Engine\Component\Mesh\Core\MeshComponent.h">
      <Filter>头文件</Filter>
    </ClInclude>
    <ClInclude Include="Engine\Component\Mesh\StaticMeshComponent.h">
      <Filter>头文件</Filter>
    </ClInclude>
    <ClInclude Include="Engine\Component\Mesh\BoxMeshComponent.h">
      <Filter>头文件</Filter>
    </ClInclude>
    <ClInclude Include="Engine\Component\Mesh\CustomMeshComponent.h">
      <Filter>头文件</Filter>
    </ClInclude>
    <ClInclude Include="Engine\Component\Mesh\CylinderMeshComponent.h">
      <Filter>头文件</Filter>
    </ClInclude>
    <ClInclude Include="Engine\Component\Mesh\PlaneMeshComponent.h">
      <Filter>头文件</Filter>
    </ClInclude>
    <ClInclude Include="Engine\Component\Mesh\SphereMeshComponent.h">
      <Filter>头文件</Filter>
    </ClInclude>
    <ClInclude Include="Engine\Manage\LightManage.h">
      <Filter>头文件</Filter>
    </ClInclude>
    <ClInclude Include="Engine\Actor\Light\SpotLight.h">
      <Filter>头文件</Filter>
    </ClInclude>
    <ClInclude Include="Engine\Component\Light\SpotLightComponent.h">
      <Filter>头文件</Filter>
    </ClInclude>
    <ClInclude Include="Engine\Component\Light\Core\LightType.h">
      <Filter>头文件</Filter>
    </ClInclude>
    <ClInclude Include="Engine\Actor\Light\Core\Light.h">
      <Filter>头文件</Filter>
    </ClInclude>
  </ItemGroup>
  <ItemGroup>
    <None Include="cpp.hint" />
  </ItemGroup>
</Project>