<?xml version="1.0" encoding="utf-8"?>
<Project ToolsVersion="4.0" xmlns="http://schemas.microsoft.com/developer/msbuild/2003">
  <ItemGroup>
    <Filter Include="Source Files">
      <UniqueIdentifier>{4FC737F1-C7A5-4376-A066-2A32D752A2FF}</UniqueIdentifier>
      <Extensions>cpp;c;cc;cxx;c++;cppm;ixx;def;odl;idl;hpj;bat;asm;asmx</Extensions>
    </Filter>
    <Filter Include="Header Files">
      <UniqueIdentifier>{93995380-89BD-4b04-88EB-625FBE52EBFB}</UniqueIdentifier>
      <Extensions>h;hh;hpp;hxx;h++;hm;inl;inc;ipp;xsd</Extensions>
    </Filter>
    <Filter Include="Resource Files">
      <UniqueIdentifier>{67DA6AB6-F800-4c08-8B7A-83BB121AAD01}</UniqueIdentifier>
      <Extensions>rc;ico;cur;bmp;dlg;rc2;rct;bin;rgs;gif;jpg;jpeg;jpe;resx;tiff;tif;png;wav;mfcribbon-ms</Extensions>
    </Filter>
  </ItemGroup>
  <ItemGroup>
    <ClCompile Include="LurenjiaBuildTool.cpp">
      <Filter>Source Files</Filter>
    </ClCompile>
    <ClCompile Include="simple_library\private\simple_c_log\simple_c_log.c">
      <Filter>Source Files</Filter>
    </ClCompile>
    <ClCompile Include="simple_library\private\simple_channel\simple_io_stream\simple_io_stream.cpp">
      <Filter>Source Files</Filter>
    </ClCompile>
    <ClCompile Include="simple_library\private\simple_channel\simple_net_channel\simple_channel.cpp">
      <Filter>Source Files</Filter>
    </ClCompile>
    <ClCompile Include="simple_library\private\simple_channel\simple_net_connetion\simple_connetion.cpp">
      <Filter>Source Files</Filter>
    </ClCompile>
    <ClCompile Include="simple_library\private\simple_channel\simple_net_connetion\simple_connetion_tcp.cpp">
      <Filter>Source Files</Filter>
    </ClCompile>
    <ClCompile Include="simple_library\private\simple_channel\simple_net_connetion\simple_connetion_udp.cpp">
      <Filter>Source Files</Filter>
    </ClCompile>
    <ClCompile Include="simple_library\private\simple_channel\simple_net_drive\simple_net_drive.cpp">
      <Filter>Source Files</Filter>
    </ClCompile>
    <ClCompile Include="simple_library\private\simple_channel\simple_net_drive\simple_net_drive_tcp.cpp">
      <Filter>Source Files</Filter>
    </ClCompile>
    <ClCompile Include="simple_library\private\simple_channel\simple_net_drive\simple_net_drive_udp.cpp">
      <Filter>Source Files</Filter>
    </ClCompile>
    <ClCompile Include="simple_library\private\simple_channel\simple_net_type.cpp">
      <Filter>Source Files</Filter>
    </ClCompile>
    <ClCompile Include="simple_library\private\simple_channel\simple_object.cpp">
      <Filter>Source Files</Filter>
    </ClCompile>
    <ClCompile Include="simple_library\private\simple_core_minimal\simple_c_core\simple_c_array\simple_c_array_string.c">
      <Filter>Source Files</Filter>
    </ClCompile>
    <ClCompile Include="simple_library\private\simple_core_minimal\simple_c_core\simple_c_string_algorithm\string_algorithm.c">
      <Filter>Source Files</Filter>
    </ClCompile>
    <ClCompile Include="simple_library\private\simple_core_minimal\simple_c_guid\simple_guid.c">
      <Filter>Source Files</Filter>
    </ClCompile>
    <ClCompile Include="simple_library\private\simple_core_minimal\simple_c_helper_file\simple_file_helper.c">
      <Filter>Source Files</Filter>
    </ClCompile>
    <ClCompile Include="simple_library\private\simple_core_minimal\simple_c_path\simple_c_path.c">
      <Filter>Source Files</Filter>
    </ClCompile>
    <ClCompile Include="simple_library\private\simple_core_minimal\simple_c_time\simple_c_locale_list.c">
      <Filter>Source Files</Filter>
    </ClCompile>
    <ClCompile Include="simple_library\private\simple_core_minimal\simple_c_time\simple_c_time.c">
      <Filter>Source Files</Filter>
    </ClCompile>
    <ClCompile Include="simple_library\private\simple_core_minimal\simple_c_windows\simple_c_windows_register.c">
      <Filter>Source Files</Filter>
    </ClCompile>
    <ClCompile Include="simple_library\private\simple_core_minimal\simple_c_windows\simple_c_windows_setting.c">
      <Filter>Source Files</Filter>
    </ClCompile>
    <ClCompile Include="simple_library\private\simple_cpp_core_minimal\simple_cpp_helper_file\simple_cpp_helper_file.cpp">
      <Filter>Source Files</Filter>
    </ClCompile>
    <ClCompile Include="simple_library\private\simple_cpp_core_minimal\simple_cpp_string_algorithm\simple_cpp_string_algorithm.cpp">
      <Filter>Source Files</Filter>
    </ClCompile>
    <ClCompile Include="simple_library\private\simple_image\Core\simple_image_bmp.cpp">
      <Filter>Source Files</Filter>
    </ClCompile>
    <ClCompile Include="simple_library\private\simple_image\simple_image.cpp">
      <Filter>Source Files</Filter>
    </ClCompile>
    <ClCompile Include="simple_library\private\simple_math\soft_rasterization\soft_rasterization.cpp">
      <Filter>Source Files</Filter>
    </ClCompile>
    <ClCompile Include="simple_library\private\simple_math\transformation\matrix\matrix_2x2.cpp">
      <Filter>Source Files</Filter>
    </ClCompile>
    <ClCompile Include="simple_library\private\simple_math\transformation\matrix\matrix_3x3.cpp">
      <Filter>Source Files</Filter>
    </ClCompile>
    <ClCompile Include="simple_library\private\simple_math\transformation\matrix\matrix_4x3.cpp">
      <Filter>Source Files</Filter>
    </ClCompile>
    <ClCompile Include="simple_library\private\simple_math\transformation\matrix\matrix_4x4.cpp">
      <Filter>Source Files</Filter>
    </ClCompile>
    <ClCompile Include="simple_library\private\simple_math\transformation\primitives\line.cpp">
      <Filter>Source Files</Filter>
    </ClCompile>
    <ClCompile Include="simple_library\private\simple_math\transformation\primitives\triangle.cpp">
      <Filter>Source Files</Filter>
    </ClCompile>
    <ClCompile Include="simple_library\private\simple_math\transformation\quaternion\quat.cpp">
      <Filter>Source Files</Filter>
    </ClCompile>
    <ClCompile Include="simple_library\private\simple_math\transformation\rotator\rotator.cpp">
      <Filter>Source Files</Filter>
    </ClCompile>
    <ClCompile Include="simple_library\private\simple_math\transformation\vector\vector_2d.cpp">
      <Filter>Source Files</Filter>
    </ClCompile>
    <ClCompile Include="simple_library\private\simple_math\transformation\vector\vector_2id.cpp">
      <Filter>Source Files</Filter>
    </ClCompile>
    <ClCompile Include="simple_library\private\simple_math\transformation\vector\vector_3d.cpp">
      <Filter>Source Files</Filter>
    </ClCompile>
    <ClCompile Include="simple_library\private\simple_math\transformation\vector\vector_3id.cpp">
      <Filter>Source Files</Filter>
    </ClCompile>
    <ClCompile Include="simple_library\private\simple_math\transformation\vector\vector_4d.cpp">
      <Filter>Source Files</Filter>
    </ClCompile>
    <ClCompile Include="simple_library\private\simple_math\transformation\vector\vector_4id.cpp">
      <Filter>Source Files</Filter>
    </ClCompile>
    <ClCompile Include="simple_library\private\simple_math\transformation\vector\vector_color.cpp">
      <Filter>Source Files</Filter>
    </ClCompile>
    <ClCompile Include="simple_library\private\simple_math\math_utils.cpp">
      <Filter>Source Files</Filter>
    </ClCompile>
    <ClCompile Include="simple_library\private\simple_math\simple_math.c">
      <Filter>Source Files</Filter>
    </ClCompile>
    <ClCompile Include="simple_library\private\simple_math\simple_math.cpp">
      <Filter>Source Files</Filter>
    </ClCompile>
    <ClCompile Include="simple_library\third_party_library\tinyxml\tinystr.cpp">
      <Filter>Source Files</Filter>
    </ClCompile>
    <ClCompile Include="simple_library\third_party_library\tinyxml\tinyxml.cpp">
      <Filter>Source Files</Filter>
    </ClCompile>
    <ClCompile Include="simple_library\third_party_library\tinyxml\tinyxmlerror.cpp">
      <Filter>Source Files</Filter>
    </ClCompile>
    <ClCompile Include="simple_library\third_party_library\tinyxml\tinyxmlparser.cpp">
      <Filter>Source Files</Filter>
    </ClCompile>
    <ClCompile Include="CodeReflection\Collect\CollectClassInfo.cpp">
      <Filter>Source Files</Filter>
    </ClCompile>
    <ClCompile Include="CodeReflection\Tool\HelperTool.cpp">
      <Filter>Source Files</Filter>
    </ClCompile>
  </ItemGroup>
  <ItemGroup>
    <ClInclude Include="simple_library\private\simple_channel\simple_net_connetion\simple_connetion_tcp.h">
      <Filter>Header Files</Filter>
    </ClInclude>
    <ClInclude Include="simple_library\private\simple_channel\simple_net_connetion\simple_connetion_udp.h">
      <Filter>Header Files</Filter>
    </ClInclude>
    <ClInclude Include="simple_library\private\simple_channel\simple_net_drive\simple_net_drive_tcp.h">
      <Filter>Header Files</Filter>
    </ClInclude>
    <ClInclude Include="simple_library\private\simple_channel\simple_net_drive\simple_net_drive_udp.h">
      <Filter>Header Files</Filter>
    </ClInclude>
    <ClInclude Include="simple_library\public\simple_array\simple_hash_array.h">
      <Filter>Header Files</Filter>
    </ClInclude>
    <ClInclude Include="simple_library\public\simple_c_log\simple_c_log.h">
      <Filter>Header Files</Filter>
    </ClInclude>
    <ClInclude Include="simple_library\public\simple_channel\simple_core\simple_channel.h">
      <Filter>Header Files</Filter>
    </ClInclude>
    <ClInclude Include="simple_library\public\simple_channel\simple_core\simple_connetion.h">
      <Filter>Header Files</Filter>
    </ClInclude>
    <ClInclude Include="simple_library\public\simple_channel\simple_core\simple_io_stream.h">
      <Filter>Header Files</Filter>
    </ClInclude>
    <ClInclude Include="simple_library\public\simple_channel\simple_core\simple_net_macro.h">
      <Filter>Header Files</Filter>
    </ClInclude>
    <ClInclude Include="simple_library\public\simple_channel\simple_core\simple_object.h">
      <Filter>Header Files</Filter>
    </ClInclude>
    <ClInclude Include="simple_library\public\simple_channel\simple_net_drive.h">
      <Filter>Header Files</Filter>
    </ClInclude>
    <ClInclude Include="simple_library\public\simple_channel\simple_net_protocols.h">
      <Filter>Header Files</Filter>
    </ClInclude>
    <ClInclude Include="simple_library\public\simple_channel\simple_net_type.h">
      <Filter>Header Files</Filter>
    </ClInclude>
    <ClInclude Include="simple_library\public\simple_channel\simple_protocols_definition.h">
      <Filter>Header Files</Filter>
    </ClInclude>
    <ClInclude Include="simple_library\public\simple_core_minimal\simple_c_core\simple_c_array\Core\simple_array_c_macro.h">
      <Filter>Header Files</Filter>
    </ClInclude>
    <ClInclude Include="simple_library\public\simple_core_minimal\simple_c_core\simple_c_array\simple_c_array.h">
      <Filter>Header Files</Filter>
    </ClInclude>
    <ClInclude Include="simple_library\public\simple_core_minimal\simple_c_core\simple_c_array\simple_c_array_string.h">
      <Filter>Header Files</Filter>
    </ClInclude>
    <ClInclude Include="simple_library\public\simple_core_minimal\simple_c_core\simple_c_string_algorithm\string_algorithm.h">
      <Filter>Header Files</Filter>
    </ClInclude>
    <ClInclude Include="simple_library\public\simple_core_minimal\simple_c_core\simple_core_minimal.h">
      <Filter>Header Files</Filter>
    </ClInclude>
    <ClInclude Include="simple_library\public\simple_core_minimal\simple_c_guid\simple_guid.h">
      <Filter>Header Files</Filter>
    </ClInclude>
    <ClInclude Include="simple_library\public\simple_core_minimal\simple_c_helper_file\simple_file_helper.h">
      <Filter>Header Files</Filter>
    </ClInclude>
    <ClInclude Include="simple_library\public\simple_core_minimal\simple_c_path\simple_path.h">
      <Filter>Header Files</Filter>
    </ClInclude>
    <ClInclude Include="simple_library\public\simple_core_minimal\simple_c_time\simple_c_locale_list.h">
      <Filter>Header Files</Filter>
    </ClInclude>
    <ClInclude Include="simple_library\public\simple_core_minimal\simple_c_time\simple_c_time.h">
      <Filter>Header Files</Filter>
    </ClInclude>
    <ClInclude Include="simple_library\public\simple_core_minimal\simple_c_windows\simple_c_windows_register.h">
      <Filter>Header Files</Filter>
    </ClInclude>
    <ClInclude Include="simple_library\public\simple_core_minimal\simple_c_windows\simple_c_windows_setting.h">
      <Filter>Header Files</Filter>
    </ClInclude>
    <ClInclude Include="simple_library\public\simple_cpp_core_minimal\shared\simple_cpp_shared_ptr.h">
      <Filter>Header Files</Filter>
    </ClInclude>
    <ClInclude Include="simple_library\public\simple_cpp_core_minimal\shared\simple_cpp_shared_ptr_type.h">
      <Filter>Header Files</Filter>
    </ClInclude>
    <ClInclude Include="simple_library\public\simple_cpp_core_minimal\simple_cpp_helper_file\simple_cpp_helper_file.h">
      <Filter>Header Files</Filter>
    </ClInclude>
    <ClInclude Include="simple_library\public\simple_cpp_core_minimal\simple_cpp_string_algorithm\simple_cpp_string_algorithm.h">
      <Filter>Header Files</Filter>
    </ClInclude>
    <ClInclude Include="simple_library\public\simple_cpp_core_minimal\simple_cpp_core_minimal.h">
      <Filter>Header Files</Filter>
    </ClInclude>
    <ClInclude Include="simple_library\public\simple_delegate\simple_delegate.h">
      <Filter>Header Files</Filter>
    </ClInclude>
    <ClInclude Include="simple_library\public\simple_image\Core\simple_image_bmp.h">
      <Filter>Header Files</Filter>
    </ClInclude>
    <ClInclude Include="simple_library\public\simple_image\Core\simple_image_type.h">
      <Filter>Header Files</Filter>
    </ClInclude>
    <ClInclude Include="simple_library\public\simple_image\simple_image.h">
      <Filter>Header Files</Filter>
    </ClInclude>
    <ClInclude Include="simple_library\public\simple_math\soft_rasterization\soft_rasterization.h">
      <Filter>Header Files</Filter>
    </ClInclude>
    <ClInclude Include="simple_library\public\simple_math\transformation\matrix\matrix_2x2.h">
      <Filter>Header Files</Filter>
    </ClInclude>
    <ClInclude Include="simple_library\public\simple_math\transformation\matrix\matrix_3x3.h">
      <Filter>Header Files</Filter>
    </ClInclude>
    <ClInclude Include="simple_library\public\simple_math\transformation\matrix\matrix_4x3.h">
      <Filter>Header Files</Filter>
    </ClInclude>
    <ClInclude Include="simple_library\public\simple_math\transformation\matrix\matrix_4x4.h">
      <Filter>Header Files</Filter>
    </ClInclude>
    <ClInclude Include="simple_library\public\simple_math\transformation\primitives\line.h">
      <Filter>Header Files</Filter>
    </ClInclude>
    <ClInclude Include="simple_library\public\simple_math\transformation\primitives\triangle.h">
      <Filter>Header Files</Filter>
    </ClInclude>
    <ClInclude Include="simple_library\public\simple_math\transformation\quaternion\quat.h">
      <Filter>Header Files</Filter>
    </ClInclude>
    <ClInclude Include="simple_library\public\simple_math\transformation\rotator\rotator.h">
      <Filter>Header Files</Filter>
    </ClInclude>
    <ClInclude Include="simple_library\public\simple_math\transformation\vector\vector_2d.h">
      <Filter>Header Files</Filter>
    </ClInclude>
    <ClInclude Include="simple_library\public\simple_math\transformation\vector\vector_2id.h">
      <Filter>Header Files</Filter>
    </ClInclude>
    <ClInclude Include="simple_library\public\simple_math\transformation\vector\vector_3d.h">
      <Filter>Header Files</Filter>
    </ClInclude>
    <ClInclude Include="simple_library\public\simple_math\transformation\vector\vector_3id.h">
      <Filter>Header Files</Filter>
    </ClInclude>
    <ClInclude Include="simple_library\public\simple_math\transformation\vector\vector_4d.h">
      <Filter>Header Files</Filter>
    </ClInclude>
    <ClInclude Include="simple_library\public\simple_math\transformation\vector\vector_4id.h">
      <Filter>Header Files</Filter>
    </ClInclude>
    <ClInclude Include="simple_library\public\simple_math\transformation\vector\vector_color.h">
      <Filter>Header Files</Filter>
    </ClInclude>
    <ClInclude Include="simple_library\public\simple_math\math_libray.hpp">
      <Filter>Header Files</Filter>
    </ClInclude>
    <ClInclude Include="simple_library\public\simple_math\math_utils.h">
      <Filter>Header Files</Filter>
    </ClInclude>
    <ClInclude Include="simple_library\public\simple_math\simple_core_math.h">
      <Filter>Header Files</Filter>
    </ClInclude>
    <ClInclude Include="simple_library\public\simple_math\simple_math.h">
      <Filter>Header Files</Filter>
    </ClInclude>
    <ClInclude Include="simple_library\public\simple_library.h">
      <Filter>Header Files</Filter>
    </ClInclude>
    <ClInclude Include="simple_library\public\simple_library_macro.h">
      <Filter>Header Files</Filter>
    </ClInclude>
    <ClInclude Include="simple_library\third_party_library\tinyxml\tinystr.h">
      <Filter>Header Files</Filter>
    </ClInclude>
    <ClInclude Include="simple_library\third_party_library\tinyxml\tinyxml.h">
      <Filter>Header Files</Filter>
    </ClInclude>
    <ClInclude Include="CodeReflection\Collect\CollectClassInfo.h">
      <Filter>Header Files</Filter>
    </ClInclude>
    <ClInclude Include="CodeReflection\CodeType.h">
      <Filter>Header Files</Filter>
    </ClInclude>
    <ClInclude Include="CodeReflection\Tool\HelperTool.h">
      <Filter>Header Files</Filter>
    </ClInclude>
  </ItemGroup>
</Project>